PODS:
  - Kiwi (2.4.0)
  - PEGKit (0.4.2)
  - XcodeEditor (1.6.4)

DEPENDENCIES:
  - Kiwi
  - PEGKit
  - XcodeEditor

SPEC CHECKSUMS:
  Kiwi: f49c9d54b28917df5928fe44968a39ed198cb8a8
  PEGKit: 9563952b2f19f5f0c979ecf635c8410369bfe3e9
  XcodeEditor: c6a79b32b89c86c793d15049a49e96dfd0749351

COCOAPODS: 0.39.0
