PODS:
  - Kiwi/ARC (2.2.3)
  - Kiwi/NonARC (2.2.3)
  - Kiwi/XCTest (2.2.3):
    - Kiwi/ARC
    - Kiwi/NonARC
  - ParseKit (0.7)
  - XcodeEditor (1.6)

DEPENDENCIES:
  - Kiwi/XCTest
  - ParseKit
  - XcodeEditor

SPEC CHECKSUMS:
  Kiwi: 7b9bc7294de746357213067a1df49cc0a59384e8
  ParseKit: 227201c416a547ce6f3bc6b279b6ae69a2e28c35
  XcodeEditor: 0214318e7bece3c9b1db81d128b84d1decb0dd63

COCOAPODS: 0.33.1
